// !$*UTF8*$!
{
	archiveVersion = 1;
	classes = {
	};
	objectVersion = 46;
	objects = {

/* Begin PBXBuildFile section */
		8B1103FC17FF9A4400F922C3 /* Foundation.framework in Frameworks */ = {isa = PBXBuildFile; fileRef = 8B1103FB17FF9A4400F922C3 /* Foundation.framework */; };
		8B1103FE17FF9A4400F922C3 /* CoreGraphics.framework in Frameworks */ = {isa = PBXBuildFile; fileRef = 8B1103FD17FF9A4400F922C3 /* CoreGraphics.framework */; };
		8B11040017FF9A4400F922C3 /* UIKit.framework in Frameworks */ = {isa = PBXBuildFile; fileRef = 8B1103FF17FF9A4400F922C3 /* UIKit.framework */; };
		8B11040617FF9A4400F922C3 /* InfoPlist.strings in Resources */ = {isa = PBXBuildFile; fileRef = 8B11040417FF9A4400F922C3 /* InfoPlist.strings */; };
		8B11040817FF9A4400F922C3 /* main.m in Sources */ = {isa = PBXBuildFile; fileRef = 8B11040717FF9A4400F922C3 /* main.m */; };
		8B11040C17FF9A4400F922C3 /* XWAppDelegate.m in Sources */ = {isa = PBXBuildFile; fileRef = 8B11040B17FF9A4400F922C3 /* XWAppDelegate.m */; };
		8B11040F17FF9A4400F922C3 /* Main.storyboard in Resources */ = {isa = PBXBuildFile; fileRef = 8B11040D17FF9A4400F922C3 /* Main.storyboard */; };
		8B11041217FF9A4400F922C3 /* XWViewController.m in Sources */ = {isa = PBXBuildFile; fileRef = 8B11041117FF9A4400F922C3 /* XWViewController.m */; };
		8B11041417FF9A4400F922C3 /* Images.xcassets in Resources */ = {isa = PBXBuildFile; fileRef = 8B11041317FF9A4400F922C3 /* Images.xcassets */; };
		8B11041B17FF9A4400F922C3 /* XCTest.framework in Frameworks */ = {isa = PBXBuildFile; fileRef = 8B11041A17FF9A4400F922C3 /* XCTest.framework */; };
		8B11041C17FF9A4400F922C3 /* Foundation.framework in Frameworks */ = {isa = PBXBuildFile; fileRef = 8B1103FB17FF9A4400F922C3 /* Foundation.framework */; };
		8B11041D17FF9A4400F922C3 /* UIKit.framework in Frameworks */ = {isa = PBXBuildFile; fileRef = 8B1103FF17FF9A4400F922C3 /* UIKit.framework */; };
		8B11042517FF9A4400F922C3 /* InfoPlist.strings in Resources */ = {isa = PBXBuildFile; fileRef = 8B11042317FF9A4400F922C3 /* InfoPlist.strings */; };
		8B11042717FF9A4400F922C3 /* XWEditPhotoDemoTests.m in Sources */ = {isa = PBXBuildFile; fileRef = 8B11042617FF9A4400F922C3 /* XWEditPhotoDemoTests.m */; };
		8B11043317FFCE3E00F922C3 /* XWPhotoEditorViewController.m in Sources */ = {isa = PBXBuildFile; fileRef = 8B11043117FFCE3E00F922C3 /* XWPhotoEditorViewController.m */; };
		8B11043417FFCE3E00F922C3 /* XWPhotoEditorViewController.xib in Resources */ = {isa = PBXBuildFile; fileRef = 8B11043217FFCE3E00F922C3 /* XWPhotoEditorViewController.xib */; };
		8B11043817FFD1DB00F922C3 /* XWEditPhotoViewController.m in Sources */ = {isa = PBXBuildFile; fileRef = 8B11043717FFD1DB00F922C3 /* XWEditPhotoViewController.m */; };
		8B9C86841800F9DE005BEDF3 /* XWCropWindow.m in Sources */ = {isa = PBXBuildFile; fileRef = 8B9C86831800F9DE005BEDF3 /* XWCropWindow.m */; };
/* End PBXBuildFile section */

/* Begin PBXContainerItemProxy section */
		8B11041E17FF9A4400F922C3 /* PBXContainerItemProxy */ = {
			isa = PBXContainerItemProxy;
			containerPortal = 8B1103F017FF9A4400F922C3 /* Project object */;
			proxyType = 1;
			remoteGlobalIDString = 8B1103F717FF9A4400F922C3;
			remoteInfo = XWEditPhotoDemo;
		};
/* End PBXContainerItemProxy section */

/* Begin PBXFileReference section */
		8B1103F817FF9A4400F922C3 /* XWEditPhotoDemo.app */ = {isa = PBXFileReference; explicitFileType = wrapper.application; includeInIndex = 0; path = XWEditPhotoDemo.app; sourceTree = BUILT_PRODUCTS_DIR; };
		8B1103FB17FF9A4400F922C3 /* Foundation.framework */ = {isa = PBXFileReference; lastKnownFileType = wrapper.framework; name = Foundation.framework; path = System/Library/Frameworks/Foundation.framework; sourceTree = SDKROOT; };
		8B1103FD17FF9A4400F922C3 /* CoreGraphics.framework */ = {isa = PBXFileReference; lastKnownFileType = wrapper.framework; name = CoreGraphics.framework; path = System/Library/Frameworks/CoreGraphics.framework; sourceTree = SDKROOT; };
		8B1103FF17FF9A4400F922C3 /* UIKit.framework */ = {isa = PBXFileReference; lastKnownFileType = wrapper.framework; name = UIKit.framework; path = System/Library/Frameworks/UIKit.framework; sourceTree = SDKROOT; };
		8B11040317FF9A4400F922C3 /* XWEditPhotoDemo-Info.plist */ = {isa = PBXFileReference; lastKnownFileType = text.plist.xml; path = "XWEditPhotoDemo-Info.plist"; sourceTree = "<group>"; };
		8B11040517FF9A4400F922C3 /* en */ = {isa = PBXFileReference; lastKnownFileType = text.plist.strings; name = en; path = en.lproj/InfoPlist.strings; sourceTree = "<group>"; };
		8B11040717FF9A4400F922C3 /* main.m */ = {isa = PBXFileReference; lastKnownFileType = sourcecode.c.objc; path = main.m; sourceTree = "<group>"; };
		8B11040917FF9A4400F922C3 /* XWEditPhotoDemo-Prefix.pch */ = {isa = PBXFileReference; lastKnownFileType = sourcecode.c.h; path = "XWEditPhotoDemo-Prefix.pch"; sourceTree = "<group>"; };
		8B11040A17FF9A4400F922C3 /* XWAppDelegate.h */ = {isa = PBXFileReference; lastKnownFileType = sourcecode.c.h; path = XWAppDelegate.h; sourceTree = "<group>"; };
		8B11040B17FF9A4400F922C3 /* XWAppDelegate.m */ = {isa = PBXFileReference; lastKnownFileType = sourcecode.c.objc; path = XWAppDelegate.m; sourceTree = "<group>"; };
		8B11040E17FF9A4400F922C3 /* Base */ = {isa = PBXFileReference; lastKnownFileType = file.storyboard; name = Base; path = Base.lproj/Main.storyboard; sourceTree = "<group>"; };
		8B11041017FF9A4400F922C3 /* XWViewController.h */ = {isa = PBXFileReference; lastKnownFileType = sourcecode.c.h; path = XWViewController.h; sourceTree = "<group>"; };
		8B11041117FF9A4400F922C3 /* XWViewController.m */ = {isa = PBXFileReference; lastKnownFileType = sourcecode.c.objc; path = XWViewController.m; sourceTree = "<group>"; };
		8B11041317FF9A4400F922C3 /* Images.xcassets */ = {isa = PBXFileReference; lastKnownFileType = folder.assetcatalog; path = Images.xcassets; sourceTree = "<group>"; };
		8B11041917FF9A4400F922C3 /* XWEditPhotoDemoTests.xctest */ = {isa = PBXFileReference; explicitFileType = wrapper.cfbundle; includeInIndex = 0; path = XWEditPhotoDemoTests.xctest; sourceTree = BUILT_PRODUCTS_DIR; };
		8B11041A17FF9A4400F922C3 /* XCTest.framework */ = {isa = PBXFileReference; lastKnownFileType = wrapper.framework; name = XCTest.framework; path = Library/Frameworks/XCTest.framework; sourceTree = DEVELOPER_DIR; };
		8B11042217FF9A4400F922C3 /* XWEditPhotoDemoTests-Info.plist */ = {isa = PBXFileReference; lastKnownFileType = text.plist.xml; path = "XWEditPhotoDemoTests-Info.plist"; sourceTree = "<group>"; };
		8B11042417FF9A4400F922C3 /* en */ = {isa = PBXFileReference; lastKnownFileType = text.plist.strings; name = en; path = en.lproj/InfoPlist.strings; sourceTree = "<group>"; };
		8B11042617FF9A4400F922C3 /* XWEditPhotoDemoTests.m */ = {isa = PBXFileReference; lastKnownFileType = sourcecode.c.objc; path = XWEditPhotoDemoTests.m; sourceTree = "<group>"; };
		8B11043017FFCE3E00F922C3 /* XWPhotoEditorViewController.h */ = {isa = PBXFileReference; fileEncoding = 4; lastKnownFileType = sourcecode.c.h; path = XWPhotoEditorViewController.h; sourceTree = "<group>"; };
		8B11043117FFCE3E00F922C3 /* XWPhotoEditorViewController.m */ = {isa = PBXFileReference; fileEncoding = 4; lastKnownFileType = sourcecode.c.objc; path = XWPhotoEditorViewController.m; sourceTree = "<group>"; };
		8B11043217FFCE3E00F922C3 /* XWPhotoEditorViewController.xib */ = {isa = PBXFileReference; fileEncoding = 4; lastKnownFileType = file.xib; path = XWPhotoEditorViewController.xib; sourceTree = "<group>"; };
		8B11043617FFD1DB00F922C3 /* XWEditPhotoViewController.h */ = {isa = PBXFileReference; fileEncoding = 4; lastKnownFileType = sourcecode.c.h; path = XWEditPhotoViewController.h; sourceTree = "<group>"; };
		8B11043717FFD1DB00F922C3 /* XWEditPhotoViewController.m */ = {isa = PBXFileReference; fileEncoding = 4; lastKnownFileType = sourcecode.c.objc; path = XWEditPhotoViewController.m; sourceTree = "<group>"; };
		8B9C86821800F9DE005BEDF3 /* XWCropWindow.h */ = {isa = PBXFileReference; fileEncoding = 4; lastKnownFileType = sourcecode.c.h; path = XWCropWindow.h; sourceTree = "<group>"; };
		8B9C86831800F9DE005BEDF3 /* XWCropWindow.m */ = {isa = PBXFileReference; fileEncoding = 4; lastKnownFileType = sourcecode.c.objc; path = XWCropWindow.m; sourceTree = "<group>"; };
/* End PBXFileReference section */

/* Begin PBXFrameworksBuildPhase section */
		8B1103F517FF9A4400F922C3 /* Frameworks */ = {
			isa = PBXFrameworksBuildPhase;
			buildActionMask = 2147483647;
			files = (
				8B1103FE17FF9A4400F922C3 /* CoreGraphics.framework in Frameworks */,
				8B11040017FF9A4400F922C3 /* UIKit.framework in Frameworks */,
				8B1103FC17FF9A4400F922C3 /* Foundation.framework in Frameworks */,
			);
			runOnlyForDeploymentPostprocessing = 0;
		};
		8B11041617FF9A4400F922C3 /* Frameworks */ = {
			isa = PBXFrameworksBuildPhase;
			buildActionMask = 2147483647;
			files = (
				8B11041B17FF9A4400F922C3 /* XCTest.framework in Frameworks */,
				8B11041D17FF9A4400F922C3 /* UIKit.framework in Frameworks */,
				8B11041C17FF9A4400F922C3 /* Foundation.framework in Frameworks */,
			);
			runOnlyForDeploymentPostprocessing = 0;
		};
/* End PBXFrameworksBuildPhase section */

/* Begin PBXGroup section */
		8B1103EF17FF9A4400F922C3 = {
			isa = PBXGroup;
			children = (
				8B11040117FF9A4400F922C3 /* XWEditPhotoDemo */,
				8B11042017FF9A4400F922C3 /* XWEditPhotoDemoTests */,
				8B1103FA17FF9A4400F922C3 /* Frameworks */,
				8B1103F917FF9A4400F922C3 /* Products */,
			);
			sourceTree = "<group>";
		};
		8B1103F917FF9A4400F922C3 /* Products */ = {
			isa = PBXGroup;
			children = (
				8B1103F817FF9A4400F922C3 /* XWEditPhotoDemo.app */,
				8B11041917FF9A4400F922C3 /* XWEditPhotoDemoTests.xctest */,
			);
			name = Products;
			sourceTree = "<group>";
		};
		8B1103FA17FF9A4400F922C3 /* Frameworks */ = {
			isa = PBXGroup;
			children = (
				8B1103FB17FF9A4400F922C3 /* Foundation.framework */,
				8B1103FD17FF9A4400F922C3 /* CoreGraphics.framework */,
				8B1103FF17FF9A4400F922C3 /* UIKit.framework */,
				8B11041A17FF9A4400F922C3 /* XCTest.framework */,
			);
			name = Frameworks;
			sourceTree = "<group>";
		};
		8B11040117FF9A4400F922C3 /* XWEditPhotoDemo */ = {
			isa = PBXGroup;
			children = (
				8B11040A17FF9A4400F922C3 /* XWAppDelegate.h */,
				8B11040B17FF9A4400F922C3 /* XWAppDelegate.m */,
				8B11040D17FF9A4400F922C3 /* Main.storyboard */,
				8B11041017FF9A4400F922C3 /* XWViewController.h */,
				8B11041117FF9A4400F922C3 /* XWViewController.m */,
				8B11043517FFD1AD00F922C3 /* EditPhoto */,
				8B11043017FFCE3E00F922C3 /* XWPhotoEditorViewController.h */,
				8B11043117FFCE3E00F922C3 /* XWPhotoEditorViewController.m */,
				8B11043217FFCE3E00F922C3 /* XWPhotoEditorViewController.xib */,
				8B11041317FF9A4400F922C3 /* Images.xcassets */,
				8B11040217FF9A4400F922C3 /* Supporting Files */,
			);
			path = XWEditPhotoDemo;
			sourceTree = "<group>";
		};
		8B11040217FF9A4400F922C3 /* Supporting Files */ = {
			isa = PBXGroup;
			children = (
				8B11040317FF9A4400F922C3 /* XWEditPhotoDemo-Info.plist */,
				8B11040417FF9A4400F922C3 /* InfoPlist.strings */,
				8B11040717FF9A4400F922C3 /* main.m */,
				8B11040917FF9A4400F922C3 /* XWEditPhotoDemo-Prefix.pch */,
			);
			name = "Supporting Files";
			sourceTree = "<group>";
		};
		8B11042017FF9A4400F922C3 /* XWEditPhotoDemoTests */ = {
			isa = PBXGroup;
			children = (
				8B11042617FF9A4400F922C3 /* XWEditPhotoDemoTests.m */,
				8B11042117FF9A4400F922C3 /* Supporting Files */,
			);
			path = XWEditPhotoDemoTests;
			sourceTree = "<group>";
		};
		8B11042117FF9A4400F922C3 /* Supporting Files */ = {
			isa = PBXGroup;
			children = (
				8B11042217FF9A4400F922C3 /* XWEditPhotoDemoTests-Info.plist */,
				8B11042317FF9A4400F922C3 /* InfoPlist.strings */,
			);
			name = "Supporting Files";
			sourceTree = "<group>";
		};
		8B11043517FFD1AD00F922C3 /* EditPhoto */ = {
			isa = PBXGroup;
			children = (
				8B11043617FFD1DB00F922C3 /* XWEditPhotoViewController.h */,
				8B11043717FFD1DB00F922C3 /* XWEditPhotoViewController.m */,
				8B9C86821800F9DE005BEDF3 /* XWCropWindow.h */,
				8B9C86831800F9DE005BEDF3 /* XWCropWindow.m */,
			);
			name = EditPhoto;
			sourceTree = "<group>";
		};
/* End PBXGroup section */

/* Begin PBXNativeTarget section */
		8B1103F717FF9A4400F922C3 /* XWEditPhotoDemo */ = {
			isa = PBXNativeTarget;
			buildConfigurationList = 8B11042A17FF9A4400F922C3 /* Build configuration list for PBXNativeTarget "XWEditPhotoDemo" */;
			buildPhases = (
				8B1103F417FF9A4400F922C3 /* Sources */,
				8B1103F517FF9A4400F922C3 /* Frameworks */,
				8B1103F617FF9A4400F922C3 /* Resources */,
			);
			buildRules = (
			);
			dependencies = (
			);
			name = XWEditPhotoDemo;
			productName = XWEditPhotoDemo;
			productReference = 8B1103F817FF9A4400F922C3 /* XWEditPhotoDemo.app */;
			productType = "com.apple.product-type.application";
		};
		8B11041817FF9A4400F922C3 /* XWEditPhotoDemoTests */ = {
			isa = PBXNativeTarget;
			buildConfigurationList = 8B11042D17FF9A4400F922C3 /* Build configuration list for PBXNativeTarget "XWEditPhotoDemoTests" */;
			buildPhases = (
				8B11041517FF9A4400F922C3 /* Sources */,
				8B11041617FF9A4400F922C3 /* Frameworks */,
				8B11041717FF9A4400F922C3 /* Resources */,
			);
			buildRules = (
			);
			dependencies = (
				8B11041F17FF9A4400F922C3 /* PBXTargetDependency */,
			);
			name = XWEditPhotoDemoTests;
			productName = XWEditPhotoDemoTests;
			productReference = 8B11041917FF9A4400F922C3 /* XWEditPhotoDemoTests.xctest */;
			productType = "com.apple.product-type.bundle.unit-test";
		};
/* End PBXNativeTarget section */

/* Begin PBXProject section */
		8B1103F017FF9A4400F922C3 /* Project object */ = {
			isa = PBXProject;
			attributes = {
				CLASSPREFIX = XW;
				LastUpgradeCheck = 0500;
				ORGANIZATIONNAME = "Xiaonan Wang";
				TargetAttributes = {
					8B11041817FF9A4400F922C3 = {
						TestTargetID = 8B1103F717FF9A4400F922C3;
					};
				};
			};
			buildConfigurationList = 8B1103F317FF9A4400F922C3 /* Build configuration list for PBXProject "XWEditPhotoDemo" */;
			compatibilityVersion = "Xcode 3.2";
			developmentRegion = English;
			hasScannedForEncodings = 0;
			knownRegions = (
				en,
				Base,
			);
			mainGroup = 8B1103EF17FF9A4400F922C3;
			productRefGroup = 8B1103F917FF9A4400F922C3 /* Products */;
			projectDirPath = "";
			projectRoot = "";
			targets = (
				8B1103F717FF9A4400F922C3 /* XWEditPhotoDemo */,
				8B11041817FF9A4400F922C3 /* XWEditPhotoDemoTests */,
			);
		};
/* End PBXProject section */

/* Begin PBXResourcesBuildPhase section */
		8B1103F617FF9A4400F922C3 /* Resources */ = {
			isa = PBXResourcesBuildPhase;
			buildActionMask = 2147483647;
			files = (
				8B11041417FF9A4400F922C3 /* Images.xcassets in Resources */,
				8B11040617FF9A4400F922C3 /* InfoPlist.strings in Resources */,
				8B11040F17FF9A4400F922C3 /* Main.storyboard in Resources */,
				8B11043417FFCE3E00F922C3 /* XWPhotoEditorViewController.xib in Resources */,
			);
			runOnlyForDeploymentPostprocessing = 0;
		};
		8B11041717FF9A4400F922C3 /* Resources */ = {
			isa = PBXResourcesBuildPhase;
			buildActionMask = 2147483647;
			files = (
				8B11042517FF9A4400F922C3 /* InfoPlist.strings in Resources */,
			);
			runOnlyForDeploymentPostprocessing = 0;
		};
/* End PBXResourcesBuildPhase section */

/* Begin PBXSourcesBuildPhase section */
		8B1103F417FF9A4400F922C3 /* Sources */ = {
			isa = PBXSourcesBuildPhase;
			buildActionMask = 2147483647;
			files = (
				8B11040817FF9A4400F922C3 /* main.m in Sources */,
				8B11041217FF9A4400F922C3 /* XWViewController.m in Sources */,
				8B11043817FFD1DB00F922C3 /* XWEditPhotoViewController.m in Sources */,
				8B11040C17FF9A4400F922C3 /* XWAppDelegate.m in Sources */,
				8B9C86841800F9DE005BEDF3 /* XWCropWindow.m in Sources */,
				8B11043317FFCE3E00F922C3 /* XWPhotoEditorViewController.m in Sources */,
			);
			runOnlyForDeploymentPostprocessing = 0;
		};
		8B11041517FF9A4400F922C3 /* Sources */ = {
			isa = PBXSourcesBuildPhase;
			buildActionMask = 2147483647;
			files = (
				8B11042717FF9A4400F922C3 /* XWEditPhotoDemoTests.m in Sources */,
			);
			runOnlyForDeploymentPostprocessing = 0;
		};
/* End PBXSourcesBuildPhase section */

/* Begin PBXTargetDependency section */
		8B11041F17FF9A4400F922C3 /* PBXTargetDependency */ = {
			isa = PBXTargetDependency;
			target = 8B1103F717FF9A4400F922C3 /* XWEditPhotoDemo */;
			targetProxy = 8B11041E17FF9A4400F922C3 /* PBXContainerItemProxy */;
		};
/* End PBXTargetDependency section */

/* Begin PBXVariantGroup section */
		8B11040417FF9A4400F922C3 /* InfoPlist.strings */ = {
			isa = PBXVariantGroup;
			children = (
				8B11040517FF9A4400F922C3 /* en */,
			);
			name = InfoPlist.strings;
			sourceTree = "<group>";
		};
		8B11040D17FF9A4400F922C3 /* Main.storyboard */ = {
			isa = PBXVariantGroup;
			children = (
				8B11040E17FF9A4400F922C3 /* Base */,
			);
			name = Main.storyboard;
			sourceTree = "<group>";
		};
		8B11042317FF9A4400F922C3 /* InfoPlist.strings */ = {
			isa = PBXVariantGroup;
			children = (
				8B11042417FF9A4400F922C3 /* en */,
			);
			name = InfoPlist.strings;
			sourceTree = "<group>";
		};
/* End PBXVariantGroup section */

/* Begin XCBuildConfiguration section */
		8B11042817FF9A4400F922C3 /* Debug */ = {
			isa = XCBuildConfiguration;
			buildSettings = {
				ALWAYS_SEARCH_USER_PATHS = NO;
				ARCHS = "$(ARCHS_STANDARD_INCLUDING_64_BIT)";
				CLANG_CXX_LANGUAGE_STANDARD = "gnu++0x";
				CLANG_CXX_LIBRARY = "libc++";
				CLANG_ENABLE_MODULES = YES;
				CLANG_ENABLE_OBJC_ARC = YES;
				CLANG_WARN_BOOL_CONVERSION = YES;
				CLANG_WARN_CONSTANT_CONVERSION = YES;
				CLANG_WARN_DIRECT_OBJC_ISA_USAGE = YES_ERROR;
				CLANG_WARN_EMPTY_BODY = YES;
				CLANG_WARN_ENUM_CONVERSION = YES;
				CLANG_WARN_INT_CONVERSION = YES;
				CLANG_WARN_OBJC_ROOT_CLASS = YES_ERROR;
				CLANG_WARN__DUPLICATE_METHOD_MATCH = YES;
				"CODE_SIGN_IDENTITY[sdk=iphoneos*]" = "iPhone Developer";
				COPY_PHASE_STRIP = NO;
				GCC_C_LANGUAGE_STANDARD = gnu99;
				GCC_DYNAMIC_NO_PIC = NO;
				GCC_OPTIMIZATION_LEVEL = 0;
				GCC_PREPROCESSOR_DEFINITIONS = (
					"DEBUG=1",
					"$(inherited)",
				);
				GCC_SYMBOLS_PRIVATE_EXTERN = NO;
				GCC_WARN_64_TO_32_BIT_CONVERSION = YES;
				GCC_WARN_ABOUT_RETURN_TYPE = YES_ERROR;
				GCC_WARN_UNDECLARED_SELECTOR = YES;
				GCC_WARN_UNINITIALIZED_AUTOS = YES;
				GCC_WARN_UNUSED_FUNCTION = YES;
				GCC_WARN_UNUSED_VARIABLE = YES;
				IPHONEOS_DEPLOYMENT_TARGET = 7.0;
				ONLY_ACTIVE_ARCH = YES;
				SDKROOT = iphoneos;
			};
			name = Debug;
		};
		8B11042917FF9A4400F922C3 /* Release */ = {
			isa = XCBuildConfiguration;
			buildSettings = {
				ALWAYS_SEARCH_USER_PATHS = NO;
				ARCHS = "$(ARCHS_STANDARD_INCLUDING_64_BIT)";
				CLANG_CXX_LANGUAGE_STANDARD = "gnu++0x";
				CLANG_CXX_LIBRARY = "libc++";
				CLANG_ENABLE_MODULES = YES;
				CLANG_ENABLE_OBJC_ARC = YES;
				CLANG_WARN_BOOL_CONVERSION = YES;
				CLANG_WARN_CONSTANT_CONVERSION = YES;
				CLANG_WARN_DIRECT_OBJC_ISA_USAGE = YES_ERROR;
				CLANG_WARN_EMPTY_BODY = YES;
				CLANG_WARN_ENUM_CONVERSION = YES;
				CLANG_WARN_INT_CONVERSION = YES;
				CLANG_WARN_OBJC_ROOT_CLASS = YES_ERROR;
				CLANG_WARN__DUPLICATE_METHOD_MATCH = YES;
				"CODE_SIGN_IDENTITY[sdk=iphoneos*]" = "iPhone Developer";
				COPY_PHASE_STRIP = YES;
				ENABLE_NS_ASSERTIONS = NO;
				GCC_C_LANGUAGE_STANDARD = gnu99;
				GCC_WARN_64_TO_32_BIT_CONVERSION = YES;
				GCC_WARN_ABOUT_RETURN_TYPE = YES_ERROR;
				GCC_WARN_UNDECLARED_SELECTOR = YES;
				GCC_WARN_UNINITIALIZED_AUTOS = YES;
				GCC_WARN_UNUSED_FUNCTION = YES;
				GCC_WARN_UNUSED_VARIABLE = YES;
				IPHONEOS_DEPLOYMENT_TARGET = 7.0;
				SDKROOT = iphoneos;
				VALIDATE_PRODUCT = YES;
			};
			name = Release;
		};
		8B11042B17FF9A4400F922C3 /* Debug */ = {
			isa = XCBuildConfiguration;
			buildSettings = {
				ASSETCATALOG_COMPILER_APPICON_NAME = AppIcon;
				ASSETCATALOG_COMPILER_LAUNCHIMAGE_NAME = LaunchImage;
				GCC_PRECOMPILE_PREFIX_HEADER = YES;
				GCC_PREFIX_HEADER = "XWEditPhotoDemo/XWEditPhotoDemo-Prefix.pch";
				INFOPLIST_FILE = "XWEditPhotoDemo/XWEditPhotoDemo-Info.plist";
				PRODUCT_NAME = "$(TARGET_NAME)";
				WRAPPER_EXTENSION = app;
			};
			name = Debug;
		};
		8B11042C17FF9A4400F922C3 /* Release */ = {
			isa = XCBuildConfiguration;
			buildSettings = {
				ASSETCATALOG_COMPILER_APPICON_NAME = AppIcon;
				ASSETCATALOG_COMPILER_LAUNCHIMAGE_NAME = LaunchImage;
				GCC_PRECOMPILE_PREFIX_HEADER = YES;
				GCC_PREFIX_HEADER = "XWEditPhotoDemo/XWEditPhotoDemo-Prefix.pch";
				INFOPLIST_FILE = "XWEditPhotoDemo/XWEditPhotoDemo-Info.plist";
				PRODUCT_NAME = "$(TARGET_NAME)";
				WRAPPER_EXTENSION = app;
			};
			name = Release;
		};
		8B11042E17FF9A4400F922C3 /* Debug */ = {
			isa = XCBuildConfiguration;
			buildSettings = {
				ARCHS = "$(ARCHS_STANDARD_INCLUDING_64_BIT)";
				BUNDLE_LOADER = "$(BUILT_PRODUCTS_DIR)/XWEditPhotoDemo.app/XWEditPhotoDemo";
				FRAMEWORK_SEARCH_PATHS = (
					"$(SDKROOT)/Developer/Library/Frameworks",
					"$(inherited)",
					"$(DEVELOPER_FRAMEWORKS_DIR)",
				);
				GCC_PRECOMPILE_PREFIX_HEADER = YES;
				GCC_PREFIX_HEADER = "XWEditPhotoDemo/XWEditPhotoDemo-Prefix.pch";
				GCC_PREPROCESSOR_DEFINITIONS = (
					"DEBUG=1",
					"$(inherited)",
				);
				INFOPLIST_FILE = "XWEditPhotoDemoTests/XWEditPhotoDemoTests-Info.plist";
				PRODUCT_NAME = "$(TARGET_NAME)";
				TEST_HOST = "$(BUNDLE_LOADER)";
				WRAPPER_EXTENSION = xctest;
			};
			name = Debug;
		};
		8B11042F17FF9A4400F922C3 /* Release */ = {
			isa = XCBuildConfiguration;
			buildSettings = {
				ARCHS = "$(ARCHS_STANDARD_INCLUDING_64_BIT)";
				BUNDLE_LOADER = "$(BUILT_PRODUCTS_DIR)/XWEditPhotoDemo.app/XWEditPhotoDemo";
				FRAMEWORK_SEARCH_PATHS = (
					"$(SDKROOT)/Developer/Library/Frameworks",
					"$(inherited)",
					"$(DEVELOPER_FRAMEWORKS_DIR)",
				);
				GCC_PRECOMPILE_PREFIX_HEADER = YES;
				GCC_PREFIX_HEADER = "XWEditPhotoDemo/XWEditPhotoDemo-Prefix.pch";
				INFOPLIST_FILE = "XWEditPhotoDemoTests/XWEditPhotoDemoTests-Info.plist";
				PRODUCT_NAME = "$(TARGET_NAME)";
				TEST_HOST = "$(BUNDLE_LOADER)";
				WRAPPER_EXTENSION = xctest;
			};
			name = Release;
		};
/* End XCBuildConfiguration section */

/* Begin XCConfigurationList section */
		8B1103F317FF9A4400F922C3 /* Build configuration list for PBXProject "XWEditPhotoDemo" */ = {
			isa = XCConfigurationList;
			buildConfigurations = (
				8B11042817FF9A4400F922C3 /* Debug */,
				8B11042917FF9A4400F922C3 /* Release */,
			);
			defaultConfigurationIsVisible = 0;
			defaultConfigurationName = Release;
		};
		8B11042A17FF9A4400F922C3 /* Build configuration list for PBXNativeTarget "XWEditPhotoDemo" */ = {
			isa = XCConfigurationList;
			buildConfigurations = (
				8B11042B17FF9A4400F922C3 /* Debug */,
				8B11042C17FF9A4400F922C3 /* Release */,
			);
			defaultConfigurationIsVisible = 0;
			defaultConfigurationName = Release;
		};
		8B11042D17FF9A4400F922C3 /* Build configuration list for PBXNativeTarget "XWEditPhotoDemoTests" */ = {
			isa = XCConfigurationList;
			buildConfigurations = (
				8B11042E17FF9A4400F922C3 /* Debug */,
				8B11042F17FF9A4400F922C3 /* Release */,
			);
			defaultConfigurationIsVisible = 0;
			defaultConfigurationName = Release;
		};
/* End XCConfigurationList section */
	};
	rootObject = 8B1103F017FF9A4400F922C3 /* Project object */;
}
